Microsoft Visual Studio Solution File, Format Version 11.00
# Visual Studio 2008

Project("{041B72FB-AB4E-B7CB-0982-9DCEC362F8C3}") = "Don-t-look-back", "Assembly-CSharp.csproj", "{DD9FD56C-D2F1-98F5-12F3-60F9966CFBD6}"
EndProject
Global
	GlobalSection(SolutionConfigurationPlatforms) = preSolution
		Debug|Any CPU = Debug|Any CPU
		Release|Any CPU = Release|Any CPU
	EndGlobalSection
	GlobalSection(ProjectConfigurationPlatforms) = postSolution
		{DD9FD56C-D2F1-98F5-12F3-60F9966CFBD6}.Debug|Any CPU.ActiveCfg = Debug|Any CPU
		{DD9FD56C-D2F1-98F5-12F3-60F9966CFBD6}.Debug|Any CPU.Build.0 = Debug|Any CPU
		{DD9FD56C-D2F1-98F5-12F3-60F9966CFBD6}.Release|Any CPU.ActiveCfg = Release|Any CPU
		{DD9FD56C-D2F1-98F5-12F3-60F9966CFBD6}.Release|Any CPU.Build.0 = Release|Any CPU
	EndGlobalSection
	GlobalSection(SolutionProperties) = preSolution
		HideSolutionNode = FALSE
	EndGlobalSection
	GlobalSection(MonoDevelopProperties) = preSolution
		StartupItem = Assembly-CSharp.csproj
	EndGlobalSection
EndGlobal
